// !$*UTF8*$!
{
	archiveVersion = 1;
	classes = {
	};
	objectVersion = 56;
	objects = {

/* Begin PBXBuildFile section */
		2B9FD1812AD4458F00E1157C /* AppDelegate.swift in Sources */ = {isa = PBXBuildFile; fileRef = 2B9FD1802AD4458F00E1157C /* AppDelegate.swift */; };
		2B9FD1832AD4458F00E1157C /* SceneDelegate.swift in Sources */ = {isa = PBXBuildFile; fileRef = 2B9FD1822AD4458F00E1157C /* SceneDelegate.swift */; };
		2B9FD1852AD4458F00E1157C /* ViewController.swift in Sources */ = {isa = PBXBuildFile; fileRef = 2B9FD1842AD4458F00E1157C /* ViewController.swift */; };
		2B9FD1882AD4458F00E1157C /* Main.storyboard in Resources */ = {isa = PBXBuildFile; fileRef = 2B9FD1862AD4458F00E1157C /* Main.storyboard */; };
		2B9FD18A2AD4459100E1157C /* Assets.xcassets in Resources */ = {isa = PBXBuildFile; fileRef = 2B9FD1892AD4459100E1157C /* Assets.xcassets */; };
		2B9FD18D2AD4459100E1157C /* LaunchScreen.storyboard in Resources */ = {isa = PBXBuildFile; fileRef = 2B9FD18B2AD4459100E1157C /* LaunchScreen.storyboard */; };
		2B9FD1982AD4459100E1157C /* alphaHSE_HomeworkTests.swift in Sources */ = {isa = PBXBuildFile; fileRef = 2B9FD1972AD4459100E1157C /* alphaHSE_HomeworkTests.swift */; };
		2B9FD1A22AD4459100E1157C /* alphaHSE_HomeworkUITests.swift in Sources */ = {isa = PBXBuildFile; fileRef = 2B9FD1A12AD4459100E1157C /* alphaHSE_HomeworkUITests.swift */; };
		2B9FD1A42AD4459100E1157C /* alphaHSE_HomeworkUITestsLaunchTests.swift in Sources */ = {isa = PBXBuildFile; fileRef = 2B9FD1A32AD4459100E1157C /* alphaHSE_HomeworkUITestsLaunchTests.swift */; };
/* End PBXBuildFile section */

/* Begin PBXContainerItemProxy section */
		2B9FD1942AD4459100E1157C /* PBXContainerItemProxy */ = {
			isa = PBXContainerItemProxy;
			containerPortal = 2B9FD1752AD4458F00E1157C /* Project object */;
			proxyType = 1;
			remoteGlobalIDString = 2B9FD17C2AD4458F00E1157C;
			remoteInfo = alphaHSE_Homework;
		};
		2B9FD19E2AD4459100E1157C /* PBXContainerItemProxy */ = {
			isa = PBXContainerItemProxy;
			containerPortal = 2B9FD1752AD4458F00E1157C /* Project object */;
			proxyType = 1;
			remoteGlobalIDString = 2B9FD17C2AD4458F00E1157C;
			remoteInfo = alphaHSE_Homework;
		};
/* End PBXContainerItemProxy section */

/* Begin PBXFileReference section */
		2B9FD17D2AD4458F00E1157C /* alphaHSE_Homework.app */ = {isa = PBXFileReference; explicitFileType = wrapper.application; includeInIndex = 0; path = alphaHSE_Homework.app; sourceTree = BUILT_PRODUCTS_DIR; };
		2B9FD1802AD4458F00E1157C /* AppDelegate.swift */ = {isa = PBXFileReference; lastKnownFileType = sourcecode.swift; path = AppDelegate.swift; sourceTree = "<group>"; };
		2B9FD1822AD4458F00E1157C /* SceneDelegate.swift */ = {isa = PBXFileReference; lastKnownFileType = sourcecode.swift; path = SceneDelegate.swift; sourceTree = "<group>"; };
		2B9FD1842AD4458F00E1157C /* ViewController.swift */ = {isa = PBXFileReference; lastKnownFileType = sourcecode.swift; path = ViewController.swift; sourceTree = "<group>"; };
		2B9FD1872AD4458F00E1157C /* Base */ = {isa = PBXFileReference; lastKnownFileType = file.storyboard; name = Base; path = Base.lproj/Main.storyboard; sourceTree = "<group>"; };
		2B9FD1892AD4459100E1157C /* Assets.xcassets */ = {isa = PBXFileReference; lastKnownFileType = folder.assetcatalog; path = Assets.xcassets; sourceTree = "<group>"; };
		2B9FD18C2AD4459100E1157C /* Base */ = {isa = PBXFileReference; lastKnownFileType = file.storyboard; name = Base; path = Base.lproj/LaunchScreen.storyboard; sourceTree = "<group>"; };
		2B9FD18E2AD4459100E1157C /* Info.plist */ = {isa = PBXFileReference; lastKnownFileType = text.plist.xml; path = Info.plist; sourceTree = "<group>"; };
		2B9FD1932AD4459100E1157C /* alphaHSE_HomeworkTests.xctest */ = {isa = PBXFileReference; explicitFileType = wrapper.cfbundle; includeInIndex = 0; path = alphaHSE_HomeworkTests.xctest; sourceTree = BUILT_PRODUCTS_DIR; };
		2B9FD1972AD4459100E1157C /* alphaHSE_HomeworkTests.swift */ = {isa = PBXFileReference; lastKnownFileType = sourcecode.swift; path = alphaHSE_HomeworkTests.swift; sourceTree = "<group>"; };
		2B9FD19D2AD4459100E1157C /* alphaHSE_HomeworkUITests.xctest */ = {isa = PBXFileReference; explicitFileType = wrapper.cfbundle; includeInIndex = 0; path = alphaHSE_HomeworkUITests.xctest; sourceTree = BUILT_PRODUCTS_DIR; };
		2B9FD1A12AD4459100E1157C /* alphaHSE_HomeworkUITests.swift */ = {isa = PBXFileReference; lastKnownFileType = sourcecode.swift; path = alphaHSE_HomeworkUITests.swift; sourceTree = "<group>"; };
		2B9FD1A32AD4459100E1157C /* alphaHSE_HomeworkUITestsLaunchTests.swift */ = {isa = PBXFileReference; lastKnownFileType = sourcecode.swift; path = alphaHSE_HomeworkUITestsLaunchTests.swift; sourceTree = "<group>"; };
/* End PBXFileReference section */

/* Begin PBXFrameworksBuildPhase section */
		2B9FD17A2AD4458F00E1157C /* Frameworks */ = {
			isa = PBXFrameworksBuildPhase;
			buildActionMask = 2147483647;
			files = (
			);
			runOnlyForDeploymentPostprocessing = 0;
		};
		2B9FD1902AD4459100E1157C /* Frameworks */ = {
			isa = PBXFrameworksBuildPhase;
			buildActionMask = 2147483647;
			files = (
			);
			runOnlyForDeploymentPostprocessing = 0;
		};
		2B9FD19A2AD4459100E1157C /* Frameworks */ = {
			isa = PBXFrameworksBuildPhase;
			buildActionMask = 2147483647;
			files = (
			);
			runOnlyForDeploymentPostprocessing = 0;
		};
/* End PBXFrameworksBuildPhase section */

/* Begin PBXGroup section */
		2B9FD1742AD4458F00E1157C = {
			isa = PBXGroup;
			children = (
				2B9FD17F2AD4458F00E1157C /* alphaHSE_Homework */,
				2B9FD1962AD4459100E1157C /* alphaHSE_HomeworkTests */,
				2B9FD1A02AD4459100E1157C /* alphaHSE_HomeworkUITests */,
				2B9FD17E2AD4458F00E1157C /* Products */,
			);
			sourceTree = "<group>";
		};
		2B9FD17E2AD4458F00E1157C /* Products */ = {
			isa = PBXGroup;
			children = (
				2B9FD17D2AD4458F00E1157C /* alphaHSE_Homework.app */,
				2B9FD1932AD4459100E1157C /* alphaHSE_HomeworkTests.xctest */,
				2B9FD19D2AD4459100E1157C /* alphaHSE_HomeworkUITests.xctest */,
			);
			name = Products;
			sourceTree = "<group>";
		};
		2B9FD17F2AD4458F00E1157C /* alphaHSE_Homework */ = {
			isa = PBXGroup;
			children = (
				2B9FD1802AD4458F00E1157C /* AppDelegate.swift */,
				2B9FD1822AD4458F00E1157C /* SceneDelegate.swift */,
				2B9FD1842AD4458F00E1157C /* ViewController.swift */,
				2B9FD1862AD4458F00E1157C /* Main.storyboard */,
				2B9FD1892AD4459100E1157C /* Assets.xcassets */,
				2B9FD18B2AD4459100E1157C /* LaunchScreen.storyboard */,
				2B9FD18E2AD4459100E1157C /* Info.plist */,
			);
			path = alphaHSE_Homework;
			sourceTree = "<group>";
		};
		2B9FD1962AD4459100E1157C /* alphaHSE_HomeworkTests */ = {
			isa = PBXGroup;
			children = (
				2B9FD1972AD4459100E1157C /* alphaHSE_HomeworkTests.swift */,
			);
			path = alphaHSE_HomeworkTests;
			sourceTree = "<group>";
		};
		2B9FD1A02AD4459100E1157C /* alphaHSE_HomeworkUITests */ = {
			isa = PBXGroup;
			children = (
				2B9FD1A12AD4459100E1157C /* alphaHSE_HomeworkUITests.swift */,
				2B9FD1A32AD4459100E1157C /* alphaHSE_HomeworkUITestsLaunchTests.swift */,
			);
			path = alphaHSE_HomeworkUITests;
			sourceTree = "<group>";
		};
/* End PBXGroup section */

/* Begin PBXNativeTarget section */
		2B9FD17C2AD4458F00E1157C /* alphaHSE_Homework */ = {
			isa = PBXNativeTarget;
			buildConfigurationList = 2B9FD1A72AD4459100E1157C /* Build configuration list for PBXNativeTarget "alphaHSE_Homework" */;
			buildPhases = (
				2B9FD1792AD4458F00E1157C /* Sources */,
				2B9FD17A2AD4458F00E1157C /* Frameworks */,
				2B9FD17B2AD4458F00E1157C /* Resources */,
			);
			buildRules = (
			);
			dependencies = (
			);
			name = alphaHSE_Homework;
			productName = alphaHSE_Homework;
			productReference = 2B9FD17D2AD4458F00E1157C /* alphaHSE_Homework.app */;
			productType = "com.apple.product-type.application";
		};
		2B9FD1922AD4459100E1157C /* alphaHSE_HomeworkTests */ = {
			isa = PBXNativeTarget;
			buildConfigurationList = 2B9FD1AA2AD4459100E1157C /* Build configuration list for PBXNativeTarget "alphaHSE_HomeworkTests" */;
			buildPhases = (
				2B9FD18F2AD4459100E1157C /* Sources */,
				2B9FD1902AD4459100E1157C /* Frameworks */,
				2B9FD1912AD4459100E1157C /* Resources */,
			);
			buildRules = (
			);
			dependencies = (
				2B9FD1952AD4459100E1157C /* PBXTargetDependency */,
			);
			name = alphaHSE_HomeworkTests;
			productName = alphaHSE_HomeworkTests;
			productReference = 2B9FD1932AD4459100E1157C /* alphaHSE_HomeworkTests.xctest */;
			productType = "com.apple.product-type.bundle.unit-test";
		};
		2B9FD19C2AD4459100E1157C /* alphaHSE_HomeworkUITests */ = {
			isa = PBXNativeTarget;
			buildConfigurationList = 2B9FD1AD2AD4459100E1157C /* Build configuration list for PBXNativeTarget "alphaHSE_HomeworkUITests" */;
			buildPhases = (
				2B9FD1992AD4459100E1157C /* Sources */,
				2B9FD19A2AD4459100E1157C /* Frameworks */,
				2B9FD19B2AD4459100E1157C /* Resources */,
			);
			buildRules = (
			);
			dependencies = (
				2B9FD19F2AD4459100E1157C /* PBXTargetDependency */,
			);
			name = alphaHSE_HomeworkUITests;
			productName = alphaHSE_HomeworkUITests;
			productReference = 2B9FD19D2AD4459100E1157C /* alphaHSE_HomeworkUITests.xctest */;
			productType = "com.apple.product-type.bundle.ui-testing";
		};
/* End PBXNativeTarget section */

/* Begin PBXProject section */
		2B9FD1752AD4458F00E1157C /* Project object */ = {
			isa = PBXProject;
			attributes = {
				BuildIndependentTargetsInParallel = 1;
				LastSwiftUpdateCheck = 1500;
				LastUpgradeCheck = 1500;
				TargetAttributes = {
					2B9FD17C2AD4458F00E1157C = {
						CreatedOnToolsVersion = 15.0;
					};
					2B9FD1922AD4459100E1157C = {
						CreatedOnToolsVersion = 15.0;
						TestTargetID = 2B9FD17C2AD4458F00E1157C;
					};
					2B9FD19C2AD4459100E1157C = {
						CreatedOnToolsVersion = 15.0;
						TestTargetID = 2B9FD17C2AD4458F00E1157C;
					};
				};
			};
			buildConfigurationList = 2B9FD1782AD4458F00E1157C /* Build configuration list for PBXProject "alphaHSE_Homework" */;
			compatibilityVersion = "Xcode 14.0";
			developmentRegion = en;
			hasScannedForEncodings = 0;
			knownRegions = (
				en,
				Base,
			);
			mainGroup = 2B9FD1742AD4458F00E1157C;
			productRefGroup = 2B9FD17E2AD4458F00E1157C /* Products */;
			projectDirPath = "";
			projectRoot = "";
			targets = (
				2B9FD17C2AD4458F00E1157C /* alphaHSE_Homework */,
				2B9FD1922AD4459100E1157C /* alphaHSE_HomeworkTests */,
				2B9FD19C2AD4459100E1157C /* alphaHSE_HomeworkUITests */,
			);
		};
/* End PBXProject section */

/* Begin PBXResourcesBuildPhase section */
		2B9FD17B2AD4458F00E1157C /* Resources */ = {
			isa = PBXResourcesBuildPhase;
			buildActionMask = 2147483647;
			files = (
				2B9FD18D2AD4459100E1157C /* LaunchScreen.storyboard in Resources */,
				2B9FD18A2AD4459100E1157C /* Assets.xcassets in Resources */,
				2B9FD1882AD4458F00E1157C /* Main.storyboard in Resources */,
			);
			runOnlyForDeploymentPostprocessing = 0;
		};
		2B9FD1912AD4459100E1157C /* Resources */ = {
			isa = PBXResourcesBuildPhase;
			buildActionMask = 2147483647;
			files = (
			);
			runOnlyForDeploymentPostprocessing = 0;
		};
		2B9FD19B2AD4459100E1157C /* Resources */ = {
			isa = PBXResourcesBuildPhase;
			buildActionMask = 2147483647;
			files = (
			);
			runOnlyForDeploymentPostprocessing = 0;
		};
/* End PBXResourcesBuildPhase section */

/* Begin PBXSourcesBuildPhase section */
		2B9FD1792AD4458F00E1157C /* Sources */ = {
			isa = PBXSourcesBuildPhase;
			buildActionMask = 2147483647;
			files = (
				2B9FD1852AD4458F00E1157C /* ViewController.swift in Sources */,
				2B9FD1812AD4458F00E1157C /* AppDelegate.swift in Sources */,
				2B9FD1832AD4458F00E1157C /* SceneDelegate.swift in Sources */,
			);
			runOnlyForDeploymentPostprocessing = 0;
		};
		2B9FD18F2AD4459100E1157C /* Sources */ = {
			isa = PBXSourcesBuildPhase;
			buildActionMask = 2147483647;
			files = (
				2B9FD1982AD4459100E1157C /* alphaHSE_HomeworkTests.swift in Sources */,
			);
			runOnlyForDeploymentPostprocessing = 0;
		};
		2B9FD1992AD4459100E1157C /* Sources */ = {
			isa = PBXSourcesBuildPhase;
			buildActionMask = 2147483647;
			files = (
				2B9FD1A42AD4459100E1157C /* alphaHSE_HomeworkUITestsLaunchTests.swift in Sources */,
				2B9FD1A22AD4459100E1157C /* alphaHSE_HomeworkUITests.swift in Sources */,
			);
			runOnlyForDeploymentPostprocessing = 0;
		};
/* End PBXSourcesBuildPhase section */

/* Begin PBXTargetDependency section */
		2B9FD1952AD4459100E1157C /* PBXTargetDependency */ = {
			isa = PBXTargetDependency;
			target = 2B9FD17C2AD4458F00E1157C /* alphaHSE_Homework */;
			targetProxy = 2B9FD1942AD4459100E1157C /* PBXContainerItemProxy */;
		};
		2B9FD19F2AD4459100E1157C /* PBXTargetDependency */ = {
			isa = PBXTargetDependency;
			target = 2B9FD17C2AD4458F00E1157C /* alphaHSE_Homework */;
			targetProxy = 2B9FD19E2AD4459100E1157C /* PBXContainerItemProxy */;
		};
/* End PBXTargetDependency section */

/* Begin PBXVariantGroup section */
		2B9FD1862AD4458F00E1157C /* Main.storyboard */ = {
			isa = PBXVariantGroup;
			children = (
				2B9FD1872AD4458F00E1157C /* Base */,
			);
			name = Main.storyboard;
			sourceTree = "<group>";
		};
		2B9FD18B2AD4459100E1157C /* LaunchScreen.storyboard */ = {
			isa = PBXVariantGroup;
			children = (
				2B9FD18C2AD4459100E1157C /* Base */,
			);
			name = LaunchScreen.storyboard;
			sourceTree = "<group>";
		};
/* End PBXVariantGroup section */

/* Begin XCBuildConfiguration section */
		2B9FD1A52AD4459100E1157C /* Debug */ = {
			isa = XCBuildConfiguration;
			buildSettings = {
				ALWAYS_SEARCH_USER_PATHS = NO;
				ASSETCATALOG_COMPILER_GENERATE_SWIFT_ASSET_SYMBOL_EXTENSIONS = YES;
				CLANG_ANALYZER_NONNULL = YES;
				CLANG_ANALYZER_NUMBER_OBJECT_CONVERSION = YES_AGGRESSIVE;
				CLANG_CXX_LANGUAGE_STANDARD = "gnu++20";
				CLANG_ENABLE_MODULES = YES;
				CLANG_ENABLE_OBJC_ARC = YES;
				CLANG_ENABLE_OBJC_WEAK = YES;
				CLANG_WARN_BLOCK_CAPTURE_AUTORELEASING = YES;
				CLANG_WARN_BOOL_CONVERSION = YES;
				CLANG_WARN_COMMA = YES;
				CLANG_WARN_CONSTANT_CONVERSION = YES;
				CLANG_WARN_DEPRECATED_OBJC_IMPLEMENTATIONS = YES;
				CLANG_WARN_DIRECT_OBJC_ISA_USAGE = YES_ERROR;
				CLANG_WARN_DOCUMENTATION_COMMENTS = YES;
				CLANG_WARN_EMPTY_BODY = YES;
				CLANG_WARN_ENUM_CONVERSION = YES;
				CLANG_WARN_INFINITE_RECURSION = YES;
				CLANG_WARN_INT_CONVERSION = YES;
				CLANG_WARN_NON_LITERAL_NULL_CONVERSION = YES;
				CLANG_WARN_OBJC_IMPLICIT_RETAIN_SELF = YES;
				CLANG_WARN_OBJC_LITERAL_CONVERSION = YES;
				CLANG_WARN_OBJC_ROOT_CLASS = YES_ERROR;
				CLANG_WARN_QUOTED_INCLUDE_IN_FRAMEWORK_HEADER = YES;
				CLANG_WARN_RANGE_LOOP_ANALYSIS = YES;
				CLANG_WARN_STRICT_PROTOTYPES = YES;
				CLANG_WARN_SUSPICIOUS_MOVE = YES;
				CLANG_WARN_UNGUARDED_AVAILABILITY = YES_AGGRESSIVE;
				CLANG_WARN_UNREACHABLE_CODE = YES;
				CLANG_WARN__DUPLICATE_METHOD_MATCH = YES;
				COPY_PHASE_STRIP = NO;
				DEBUG_INFORMATION_FORMAT = dwarf;
				ENABLE_STRICT_OBJC_MSGSEND = YES;
				ENABLE_TESTABILITY = YES;
				ENABLE_USER_SCRIPT_SANDBOXING = YES;
				GCC_C_LANGUAGE_STANDARD = gnu17;
				GCC_DYNAMIC_NO_PIC = NO;
				GCC_NO_COMMON_BLOCKS = YES;
				GCC_OPTIMIZATION_LEVEL = 0;
				GCC_PREPROCESSOR_DEFINITIONS = (
					"DEBUG=1",
					"$(inherited)",
				);
				GCC_WARN_64_TO_32_BIT_CONVERSION = YES;
				GCC_WARN_ABOUT_RETURN_TYPE = YES_ERROR;
				GCC_WARN_UNDECLARED_SELECTOR = YES;
				GCC_WARN_UNINITIALIZED_AUTOS = YES_AGGRESSIVE;
				GCC_WARN_UNUSED_FUNCTION = YES;
				GCC_WARN_UNUSED_VARIABLE = YES;
				IPHONEOS_DEPLOYMENT_TARGET = 17.0;
				LOCALIZATION_PREFERS_STRING_CATALOGS = YES;
				MTL_ENABLE_DEBUG_INFO = INCLUDE_SOURCE;
				MTL_FAST_MATH = YES;
				ONLY_ACTIVE_ARCH = YES;
				SDKROOT = iphoneos;
				SWIFT_ACTIVE_COMPILATION_CONDITIONS = "DEBUG $(inherited)";
				SWIFT_OPTIMIZATION_LEVEL = "-Onone";
			};
			name = Debug;
		};
		2B9FD1A62AD4459100E1157C /* Release */ = {
			isa = XCBuildConfiguration;
			buildSettings = {
				ALWAYS_SEARCH_USER_PATHS = NO;
				ASSETCATALOG_COMPILER_GENERATE_SWIFT_ASSET_SYMBOL_EXTENSIONS = YES;
				CLANG_ANALYZER_NONNULL = YES;
				CLANG_ANALYZER_NUMBER_OBJECT_CONVERSION = YES_AGGRESSIVE;
				CLANG_CXX_LANGUAGE_STANDARD = "gnu++20";
				CLANG_ENABLE_MODULES = YES;
				CLANG_ENABLE_OBJC_ARC = YES;
				CLANG_ENABLE_OBJC_WEAK = YES;
				CLANG_WARN_BLOCK_CAPTURE_AUTORELEASING = YES;
				CLANG_WARN_BOOL_CONVERSION = YES;
				CLANG_WARN_COMMA = YES;
				CLANG_WARN_CONSTANT_CONVERSION = YES;
				CLANG_WARN_DEPRECATED_OBJC_IMPLEMENTATIONS = YES;
				CLANG_WARN_DIRECT_OBJC_ISA_USAGE = YES_ERROR;
				CLANG_WARN_DOCUMENTATION_COMMENTS = YES;
				CLANG_WARN_EMPTY_BODY = YES;
				CLANG_WARN_ENUM_CONVERSION = YES;
				CLANG_WARN_INFINITE_RECURSION = YES;
				CLANG_WARN_INT_CONVERSION = YES;
				CLANG_WARN_NON_LITERAL_NULL_CONVERSION = YES;
				CLANG_WARN_OBJC_IMPLICIT_RETAIN_SELF = YES;
				CLANG_WARN_OBJC_LITERAL_CONVERSION = YES;
				CLANG_WARN_OBJC_ROOT_CLASS = YES_ERROR;
				CLANG_WARN_QUOTED_INCLUDE_IN_FRAMEWORK_HEADER = YES;
				CLANG_WARN_RANGE_LOOP_ANALYSIS = YES;
				CLANG_WARN_STRICT_PROTOTYPES = YES;
				CLANG_WARN_SUSPICIOUS_MOVE = YES;
				CLANG_WARN_UNGUARDED_AVAILABILITY = YES_AGGRESSIVE;
				CLANG_WARN_UNREACHABLE_CODE = YES;
				CLANG_WARN__DUPLICATE_METHOD_MATCH = YES;
				COPY_PHASE_STRIP = NO;
				DEBUG_INFORMATION_FORMAT = "dwarf-with-dsym";
				ENABLE_NS_ASSERTIONS = NO;
				ENABLE_STRICT_OBJC_MSGSEND = YES;
				ENABLE_USER_SCRIPT_SANDBOXING = YES;
				GCC_C_LANGUAGE_STANDARD = gnu17;
				GCC_NO_COMMON_BLOCKS = YES;
				GCC_WARN_64_TO_32_BIT_CONVERSION = YES;
				GCC_WARN_ABOUT_RETURN_TYPE = YES_ERROR;
				GCC_WARN_UNDECLARED_SELECTOR = YES;
				GCC_WARN_UNINITIALIZED_AUTOS = YES_AGGRESSIVE;
				GCC_WARN_UNUSED_FUNCTION = YES;
				GCC_WARN_UNUSED_VARIABLE = YES;
				IPHONEOS_DEPLOYMENT_TARGET = 17.0;
				LOCALIZATION_PREFERS_STRING_CATALOGS = YES;
				MTL_ENABLE_DEBUG_INFO = NO;
				MTL_FAST_MATH = YES;
				SDKROOT = iphoneos;
				SWIFT_COMPILATION_MODE = wholemodule;
				VALIDATE_PRODUCT = YES;
			};
			name = Release;
		};
		2B9FD1A82AD4459100E1157C /* Debug */ = {
			isa = XCBuildConfiguration;
			buildSettings = {
				ASSETCATALOG_COMPILER_APPICON_NAME = AppIcon;
				ASSETCATALOG_COMPILER_GLOBAL_ACCENT_COLOR_NAME = AccentColor;
				CODE_SIGN_STYLE = Automatic;
				CURRENT_PROJECT_VERSION = 1;
				DEVELOPMENT_TEAM = 3M234VHW8U;
				GENERATE_INFOPLIST_FILE = YES;
				INFOPLIST_FILE = alphaHSE_Homework/Info.plist;
				INFOPLIST_KEY_UIApplicationSupportsIndirectInputEvents = YES;
				INFOPLIST_KEY_UILaunchStoryboardName = LaunchScreen;
				INFOPLIST_KEY_UIMainStoryboardFile = Main;
				INFOPLIST_KEY_UISupportedInterfaceOrientations_iPad = "UIInterfaceOrientationPortrait UIInterfaceOrientationPortraitUpsideDown UIInterfaceOrientationLandscapeLeft UIInterfaceOrientationLandscapeRight";
				INFOPLIST_KEY_UISupportedInterfaceOrientations_iPhone = "UIInterfaceOrientationPortrait UIInterfaceOrientationLandscapeLeft UIInterfaceOrientationLandscapeRight";
				IPHONEOS_DEPLOYMENT_TARGET = 17.0;
				LD_RUNPATH_SEARCH_PATHS = (
					"$(inherited)",
					"@executable_path/Frameworks",
				);
				MARKETING_VERSION = 1.0;
				PRODUCT_BUNDLE_IDENTIFIER = "alphaHSE.alphaHSE-Homework";
				PRODUCT_NAME = "$(TARGET_NAME)";
				SWIFT_EMIT_LOC_STRINGS = YES;
				SWIFT_VERSION = 5.0;
				TARGETED_DEVICE_FAMILY = "1,2";
			};
			name = Debug;
		};
		2B9FD1A92AD4459100E1157C /* Release */ = {
			isa = XCBuildConfiguration;
			buildSettings = {
				ASSETCATALOG_COMPILER_APPICON_NAME = AppIcon;
				ASSETCATALOG_COMPILER_GLOBAL_ACCENT_COLOR_NAME = AccentColor;
				CODE_SIGN_STYLE = Automatic;
				CURRENT_PROJECT_VERSION = 1;
				DEVELOPMENT_TEAM = 3M234VHW8U;
				GENERATE_INFOPLIST_FILE = YES;
				INFOPLIST_FILE = alphaHSE_Homework/Info.plist;
				INFOPLIST_KEY_UIApplicationSupportsIndirectInputEvents = YES;
				INFOPLIST_KEY_UILaunchStoryboardName = LaunchScreen;
				INFOPLIST_KEY_UIMainStoryboardFile = Main;
				INFOPLIST_KEY_UISupportedInterfaceOrientations_iPad = "UIInterfaceOrientationPortrait UIInterfaceOrientationPortraitUpsideDown UIInterfaceOrientationLandscapeLeft UIInterfaceOrientationLandscapeRight";
				INFOPLIST_KEY_UISupportedInterfaceOrientations_iPhone = "UIInterfaceOrientationPortrait UIInterfaceOrientationLandscapeLeft UIInterfaceOrientationLandscapeRight";
				IPHONEOS_DEPLOYMENT_TARGET = 17.0;
				LD_RUNPATH_SEARCH_PATHS = (
					"$(inherited)",
					"@executable_path/Frameworks",
				);
				MARKETING_VERSION = 1.0;
				PRODUCT_BUNDLE_IDENTIFIER = "alphaHSE.alphaHSE-Homework";
				PRODUCT_NAME = "$(TARGET_NAME)";
				SWIFT_EMIT_LOC_STRINGS = YES;
				SWIFT_VERSION = 5.0;
				TARGETED_DEVICE_FAMILY = "1,2";
			};
			name = Release;
		};
		2B9FD1AB2AD4459100E1157C /* Debug */ = {
			isa = XCBuildConfiguration;
			buildSettings = {
				ALWAYS_EMBED_SWIFT_STANDARD_LIBRARIES = YES;
				BUNDLE_LOADER = "$(TEST_HOST)";
				CODE_SIGN_STYLE = Automatic;
				CURRENT_PROJECT_VERSION = 1;
				DEVELOPMENT_TEAM = 3M234VHW8U;
				GENERATE_INFOPLIST_FILE = YES;
				IPHONEOS_DEPLOYMENT_TARGET = 17.0;
				MARKETING_VERSION = 1.0;
				PRODUCT_BUNDLE_IDENTIFIER = "alphaHSE.alphaHSE-HomeworkTests";
				PRODUCT_NAME = "$(TARGET_NAME)";
				SWIFT_EMIT_LOC_STRINGS = NO;
				SWIFT_VERSION = 5.0;
				TARGETED_DEVICE_FAMILY = "1,2";
				TEST_HOST = "$(BUILT_PRODUCTS_DIR)/alphaHSE_Homework.app/$(BUNDLE_EXECUTABLE_FOLDER_PATH)/alphaHSE_Homework";
			};
			name = Debug;
		};
		2B9FD1AC2AD4459100E1157C /* Release */ = {
			isa = XCBuildConfiguration;
			buildSettings = {
				ALWAYS_EMBED_SWIFT_STANDARD_LIBRARIES = YES;
				BUNDLE_LOADER = "$(TEST_HOST)";
				CODE_SIGN_STYLE = Automatic;
				CURRENT_PROJECT_VERSION = 1;
				DEVELOPMENT_TEAM = 3M234VHW8U;
				GENERATE_INFOPLIST_FILE = YES;
				IPHONEOS_DEPLOYMENT_TARGET = 17.0;
				MARKETING_VERSION = 1.0;
				PRODUCT_BUNDLE_IDENTIFIER = "alphaHSE.alphaHSE-HomeworkTests";
				PRODUCT_NAME = "$(TARGET_NAME)";
				SWIFT_EMIT_LOC_STRINGS = NO;
				SWIFT_VERSION = 5.0;
				TARGETED_DEVICE_FAMILY = "1,2";
				TEST_HOST = "$(BUILT_PRODUCTS_DIR)/alphaHSE_Homework.app/$(BUNDLE_EXECUTABLE_FOLDER_PATH)/alphaHSE_Homework";
			};
			name = Release;
		};
		2B9FD1AE2AD4459100E1157C /* Debug */ = {
			isa = XCBuildConfiguration;
			buildSettings = {
				ALWAYS_EMBED_SWIFT_STANDARD_LIBRARIES = YES;
				CODE_SIGN_STYLE = Automatic;
				CURRENT_PROJECT_VERSION = 1;
				DEVELOPMENT_TEAM = 3M234VHW8U;
				GENERATE_INFOPLIST_FILE = YES;
				MARKETING_VERSION = 1.0;
				PRODUCT_BUNDLE_IDENTIFIER = "alphaHSE.alphaHSE-HomeworkUITests";
				PRODUCT_NAME = "$(TARGET_NAME)";
				SWIFT_EMIT_LOC_STRINGS = NO;
				SWIFT_VERSION = 5.0;
				TARGETED_DEVICE_FAMILY = "1,2";
				TEST_TARGET_NAME = alphaHSE_Homework;
			};
			name = Debug;
		};
		2B9FD1AF2AD4459100E1157C /* Release */ = {
			isa = XCBuildConfiguration;
			buildSettings = {
				ALWAYS_EMBED_SWIFT_STANDARD_LIBRARIES = YES;
				CODE_SIGN_STYLE = Automatic;
				CURRENT_PROJECT_VERSION = 1;
				DEVELOPMENT_TEAM = 3M234VHW8U;
				GENERATE_INFOPLIST_FILE = YES;
				MARKETING_VERSION = 1.0;
				PRODUCT_BUNDLE_IDENTIFIER = "alphaHSE.alphaHSE-HomeworkUITests";
				PRODUCT_NAME = "$(TARGET_NAME)";
				SWIFT_EMIT_LOC_STRINGS = NO;
				SWIFT_VERSION = 5.0;
				TARGETED_DEVICE_FAMILY = "1,2";
				TEST_TARGET_NAME = alphaHSE_Homework;
			};
			name = Release;
		};
/* End XCBuildConfiguration section */

/* Begin XCConfigurationList section */
		2B9FD1782AD4458F00E1157C /* Build configuration list for PBXProject "alphaHSE_Homework" */ = {
			isa = XCConfigurationList;
			buildConfigurations = (
				2B9FD1A52AD4459100E1157C /* Debug */,
				2B9FD1A62AD4459100E1157C /* Release */,
			);
			defaultConfigurationIsVisible = 0;
			defaultConfigurationName = Release;
		};
		2B9FD1A72AD4459100E1157C /* Build configuration list for PBXNativeTarget "alphaHSE_Homework" */ = {
			isa = XCConfigurationList;
			buildConfigurations = (
				2B9FD1A82AD4459100E1157C /* Debug */,
				2B9FD1A92AD4459100E1157C /* Release */,
			);
			defaultConfigurationIsVisible = 0;
			defaultConfigurationName = Release;
		};
		2B9FD1AA2AD4459100E1157C /* Build configuration list for PBXNativeTarget "alphaHSE_HomeworkTests" */ = {
			isa = XCConfigurationList;
			buildConfigurations = (
				2B9FD1AB2AD4459100E1157C /* Debug */,
				2B9FD1AC2AD4459100E1157C /* Release */,
			);
			defaultConfigurationIsVisible = 0;
			defaultConfigurationName = Release;
		};
		2B9FD1AD2AD4459100E1157C /* Build configuration list for PBXNativeTarget "alphaHSE_HomeworkUITests" */ = {
			isa = XCConfigurationList;
			buildConfigurations = (
				2B9FD1AE2AD4459100E1157C /* Debug */,
				2B9FD1AF2AD4459100E1157C /* Release */,
			);
			defaultConfigurationIsVisible = 0;
			defaultConfigurationName = Release;
		};
/* End XCConfigurationList section */
	};
	rootObject = 2B9FD1752AD4458F00E1157C /* Project object */;
}
